
Microsoft Visual Studio Solution File, Format Version 12.00
# Visual Studio Version 16
VisualStudioVersion = 16.0.30413.136
MinimumVisualStudioVersion = 10.0.40219.1
Project("{888888A0-9F3D-457C-B088-3A5042F75D52}") = "PythonApplication8", "PythonApplication8\PythonApplication8.pyproj", "{38F9C29A-0183-4981-8492-85095ECAE28C}"
EndProject
Global
	GlobalSection(SolutionConfigurationPlatforms) = preSolution
		Debug|Any CPU = Debug|Any CPU
		Release|Any CPU = Release|Any CPU
	EndGlobalSection
	GlobalSection(ProjectConfigurationPlatforms) = postSolution
		{38F9C29A-0183-4981-8492-85095ECAE28C}.Debug|Any CPU.ActiveCfg = Debug|Any CPU
		{38F9C29A-0183-4981-8492-85095ECAE28C}.Release|Any CPU.ActiveCfg = Release|Any CPU
	EndGlobalSection
	GlobalSection(SolutionProperties) = preSolution
		HideSolutionNode = FALSE
	EndGlobalSection
	GlobalSection(ExtensibilityGlobals) = postSolution
		SolutionGuid = {8BE57BAE-6B94-4DA2-AE07-F3F1D713DC62}
	EndGlobalSection
EndGlobal
